<Solution>
  <Project Path="Task_Management.Domain/Task_Management.Domain.csproj" />
  <Project Path="Task_Management_API/Task_Management_API.csproj" />
  <Project Path="Task_Management.Application/Task_Management.Application.csproj" />
  <Project Path="Task_Management.Infrastructure/Task_Management.Infrastructure.csproj" />
  <Project Path="Task_Management_MVC/Task_Management_MVC.csproj" />
</Solution>
